// !$*UTF8*$!
{
	archiveVersion = 1;
	classes = {
	};
	objectVersion = 46;
	objects = {

/* Begin PBXBuildFile section */
		4D181894E7186D633FFE4E1D /* Pods_tradeitTests.framework in Frameworks */ = {isa = PBXBuildFile; fileRef = CF072D78F180C6FF486E671A /* Pods_tradeitTests.framework */; };
		86C6DA136ECD78A491A397FD /* Pods_tradeit.framework in Frameworks */ = {isa = PBXBuildFile; fileRef = 4AFB99383F6B51C1F1323E5E /* Pods_tradeit.framework */; };
		B72DE4F81E074832004BD84F /* ProfileViewController.swift in Sources */ = {isa = PBXBuildFile; fileRef = B72DE4F71E074832004BD84F /* ProfileViewController.swift */; };
		B72DE4F91E074832004BD84F /* ProfileViewController.swift in Sources */ = {isa = PBXBuildFile; fileRef = B72DE4F71E074832004BD84F /* ProfileViewController.swift */; };
		B7352ED71DD7B595007FF712 /* GoogleService-Info.plist in Resources */ = {isa = PBXBuildFile; fileRef = B7352ED61DD7B595007FF712 /* GoogleService-Info.plist */; };
		B7352ED81DD7B595007FF712 /* GoogleService-Info.plist in Resources */ = {isa = PBXBuildFile; fileRef = B7352ED61DD7B595007FF712 /* GoogleService-Info.plist */; };
		B7392BDB1DFA0C4D00CB33B1 /* ItemsArray.swift in Sources */ = {isa = PBXBuildFile; fileRef = B7392BDA1DFA0C4D00CB33B1 /* ItemsArray.swift */; };
		B7392BDC1DFA0C4D00CB33B1 /* ItemsArray.swift in Sources */ = {isa = PBXBuildFile; fileRef = B7392BDA1DFA0C4D00CB33B1 /* ItemsArray.swift */; };
		B7392BE11DFCAFB500CB33B1 /* ItemDisplayViewController.swift in Sources */ = {isa = PBXBuildFile; fileRef = B7392BE01DFCAFB500CB33B1 /* ItemDisplayViewController.swift */; };
		B7392BE21DFCAFB500CB33B1 /* ItemDisplayViewController.swift in Sources */ = {isa = PBXBuildFile; fileRef = B7392BE01DFCAFB500CB33B1 /* ItemDisplayViewController.swift */; };
		B75466FE1DF3556500ABB7EB /* ItemsCollectionViewController.swift in Sources */ = {isa = PBXBuildFile; fileRef = B75466FD1DF3556500ABB7EB /* ItemsCollectionViewController.swift */; };
		B75466FF1DF3556500ABB7EB /* ItemsCollectionViewController.swift in Sources */ = {isa = PBXBuildFile; fileRef = B75466FD1DF3556500ABB7EB /* ItemsCollectionViewController.swift */; };
		B75467021DF360DE00ABB7EB /* ItemCollectionViewCell.swift in Sources */ = {isa = PBXBuildFile; fileRef = B75467011DF360DE00ABB7EB /* ItemCollectionViewCell.swift */; };
		B75467031DF360DE00ABB7EB /* ItemCollectionViewCell.swift in Sources */ = {isa = PBXBuildFile; fileRef = B75467011DF360DE00ABB7EB /* ItemCollectionViewCell.swift */; };
		B77AE1B21E09FA4100C28DB6 /* AuthUsingViewController.swift in Sources */ = {isa = PBXBuildFile; fileRef = B77AE1B11E09FA4100C28DB6 /* AuthUsingViewController.swift */; };
		B77AE1B31E09FA4100C28DB6 /* AuthUsingViewController.swift in Sources */ = {isa = PBXBuildFile; fileRef = B77AE1B11E09FA4100C28DB6 /* AuthUsingViewController.swift */; };
		B77E93CF1E12C371004EEFF4 /* ProfileItemDisplayViewController.swift in Sources */ = {isa = PBXBuildFile; fileRef = B77E93CE1E12C371004EEFF4 /* ProfileItemDisplayViewController.swift */; };
		B77E93D01E12C371004EEFF4 /* ProfileItemDisplayViewController.swift in Sources */ = {isa = PBXBuildFile; fileRef = B77E93CE1E12C371004EEFF4 /* ProfileItemDisplayViewController.swift */; };
		B789D4221DD7D939001AD480 /* Item.swift in Sources */ = {isa = PBXBuildFile; fileRef = B789D4211DD7D939001AD480 /* Item.swift */; };
		B789D4231DD7D939001AD480 /* Item.swift in Sources */ = {isa = PBXBuildFile; fileRef = B789D4211DD7D939001AD480 /* Item.swift */; };
		B79113831DD7AB1C002DFA2F /* AppDelegate.swift in Sources */ = {isa = PBXBuildFile; fileRef = B79113821DD7AB1C002DFA2F /* AppDelegate.swift */; };
		B79113851DD7AB1C002DFA2F /* BrowseCategoriesViewController.swift in Sources */ = {isa = PBXBuildFile; fileRef = B79113841DD7AB1C002DFA2F /* BrowseCategoriesViewController.swift */; };
		B79113871DD7AB1C002DFA2F /* PostItemViewController.swift in Sources */ = {isa = PBXBuildFile; fileRef = B79113861DD7AB1C002DFA2F /* PostItemViewController.swift */; };
		B791138A1DD7AB1C002DFA2F /* Main.storyboard in Resources */ = {isa = PBXBuildFile; fileRef = B79113881DD7AB1C002DFA2F /* Main.storyboard */; };
		B791138C1DD7AB1C002DFA2F /* Assets.xcassets in Resources */ = {isa = PBXBuildFile; fileRef = B791138B1DD7AB1C002DFA2F /* Assets.xcassets */; };
		B791138F1DD7AB1C002DFA2F /* LaunchScreen.storyboard in Resources */ = {isa = PBXBuildFile; fileRef = B791138D1DD7AB1C002DFA2F /* LaunchScreen.storyboard */; };
		B791139A1DD7AB1C002DFA2F /* tradeitTests.swift in Sources */ = {isa = PBXBuildFile; fileRef = B79113991DD7AB1C002DFA2F /* tradeitTests.swift */; };
		B7AE20EB1E13674A0099F7C7 /* HooksReceivedTableViewController.swift in Sources */ = {isa = PBXBuildFile; fileRef = B7AE20EA1E13674A0099F7C7 /* HooksReceivedTableViewController.swift */; };
		B7AE20EC1E13674A0099F7C7 /* HooksReceivedTableViewController.swift in Sources */ = {isa = PBXBuildFile; fileRef = B7AE20EA1E13674A0099F7C7 /* HooksReceivedTableViewController.swift */; };
		B7AE20EE1E136AE70099F7C7 /* HookReceivedTableViewCell.swift in Sources */ = {isa = PBXBuildFile; fileRef = B7AE20ED1E136AE70099F7C7 /* HookReceivedTableViewCell.swift */; };
		B7AE20EF1E136AE70099F7C7 /* HookReceivedTableViewCell.swift in Sources */ = {isa = PBXBuildFile; fileRef = B7AE20ED1E136AE70099F7C7 /* HookReceivedTableViewCell.swift */; };
/* End PBXBuildFile section */

/* Begin PBXContainerItemProxy section */
		B79113961DD7AB1C002DFA2F /* PBXContainerItemProxy */ = {
			isa = PBXContainerItemProxy;
			containerPortal = B79113771DD7AB1C002DFA2F /* Project object */;
			proxyType = 1;
			remoteGlobalIDString = B791137E1DD7AB1C002DFA2F;
			remoteInfo = tradeit;
		};
/* End PBXContainerItemProxy section */

/* Begin PBXFileReference section */
		285356AC692908328EDB9EAD /* Pods-tradeit.release.xcconfig */ = {isa = PBXFileReference; includeInIndex = 1; lastKnownFileType = text.xcconfig; name = "Pods-tradeit.release.xcconfig"; path = "Pods/Target Support Files/Pods-tradeit/Pods-tradeit.release.xcconfig"; sourceTree = "<group>"; };
		4AFB99383F6B51C1F1323E5E /* Pods_tradeit.framework */ = {isa = PBXFileReference; explicitFileType = wrapper.framework; includeInIndex = 0; path = Pods_tradeit.framework; sourceTree = BUILT_PRODUCTS_DIR; };
		9095A0095679E3A26F5D03D5 /* Pods-tradeitTests.release.xcconfig */ = {isa = PBXFileReference; includeInIndex = 1; lastKnownFileType = text.xcconfig; name = "Pods-tradeitTests.release.xcconfig"; path = "Pods/Target Support Files/Pods-tradeitTests/Pods-tradeitTests.release.xcconfig"; sourceTree = "<group>"; };
		9BBCFB09A854C040C4FF5ECE /* Pods-tradeit.debug.xcconfig */ = {isa = PBXFileReference; includeInIndex = 1; lastKnownFileType = text.xcconfig; name = "Pods-tradeit.debug.xcconfig"; path = "Pods/Target Support Files/Pods-tradeit/Pods-tradeit.debug.xcconfig"; sourceTree = "<group>"; };
		ABD5F7E24ADB950610FDF054 /* Pods-tradeitTests.debug.xcconfig */ = {isa = PBXFileReference; includeInIndex = 1; lastKnownFileType = text.xcconfig; name = "Pods-tradeitTests.debug.xcconfig"; path = "Pods/Target Support Files/Pods-tradeitTests/Pods-tradeitTests.debug.xcconfig"; sourceTree = "<group>"; };
		B72DE4F71E074832004BD84F /* ProfileViewController.swift */ = {isa = PBXFileReference; fileEncoding = 4; lastKnownFileType = sourcecode.swift; path = ProfileViewController.swift; sourceTree = "<group>"; };
		B7352ED61DD7B595007FF712 /* GoogleService-Info.plist */ = {isa = PBXFileReference; fileEncoding = 4; lastKnownFileType = text.plist.xml; path = "GoogleService-Info.plist"; sourceTree = "<group>"; };
		B7392BDA1DFA0C4D00CB33B1 /* ItemsArray.swift */ = {isa = PBXFileReference; fileEncoding = 4; lastKnownFileType = sourcecode.swift; path = ItemsArray.swift; sourceTree = "<group>"; };
		B7392BE01DFCAFB500CB33B1 /* ItemDisplayViewController.swift */ = {isa = PBXFileReference; fileEncoding = 4; lastKnownFileType = sourcecode.swift; path = ItemDisplayViewController.swift; sourceTree = "<group>"; };
		B75466FD1DF3556500ABB7EB /* ItemsCollectionViewController.swift */ = {isa = PBXFileReference; fileEncoding = 4; lastKnownFileType = sourcecode.swift; path = ItemsCollectionViewController.swift; sourceTree = "<group>"; };
		B75467011DF360DE00ABB7EB /* ItemCollectionViewCell.swift */ = {isa = PBXFileReference; fileEncoding = 4; lastKnownFileType = sourcecode.swift; path = ItemCollectionViewCell.swift; sourceTree = "<group>"; };
		B77AE1B11E09FA4100C28DB6 /* AuthUsingViewController.swift */ = {isa = PBXFileReference; fileEncoding = 4; lastKnownFileType = sourcecode.swift; path = AuthUsingViewController.swift; sourceTree = "<group>"; };
		B77E93CE1E12C371004EEFF4 /* ProfileItemDisplayViewController.swift */ = {isa = PBXFileReference; fileEncoding = 4; lastKnownFileType = sourcecode.swift; path = ProfileItemDisplayViewController.swift; sourceTree = "<group>"; };
		B789D4211DD7D939001AD480 /* Item.swift */ = {isa = PBXFileReference; fileEncoding = 4; lastKnownFileType = sourcecode.swift; path = Item.swift; sourceTree = "<group>"; };
		B791137F1DD7AB1C002DFA2F /* tradeit.app */ = {isa = PBXFileReference; explicitFileType = wrapper.application; includeInIndex = 0; path = tradeit.app; sourceTree = BUILT_PRODUCTS_DIR; };
		B79113821DD7AB1C002DFA2F /* AppDelegate.swift */ = {isa = PBXFileReference; lastKnownFileType = sourcecode.swift; path = AppDelegate.swift; sourceTree = "<group>"; };
		B79113841DD7AB1C002DFA2F /* BrowseCategoriesViewController.swift */ = {isa = PBXFileReference; lastKnownFileType = sourcecode.swift; path = BrowseCategoriesViewController.swift; sourceTree = "<group>"; };
		B79113861DD7AB1C002DFA2F /* PostItemViewController.swift */ = {isa = PBXFileReference; lastKnownFileType = sourcecode.swift; path = PostItemViewController.swift; sourceTree = "<group>"; };
		B79113891DD7AB1C002DFA2F /* Base */ = {isa = PBXFileReference; lastKnownFileType = file.storyboard; name = Base; path = Base.lproj/Main.storyboard; sourceTree = "<group>"; };
		B791138B1DD7AB1C002DFA2F /* Assets.xcassets */ = {isa = PBXFileReference; lastKnownFileType = folder.assetcatalog; path = Assets.xcassets; sourceTree = "<group>"; };
		B791138E1DD7AB1C002DFA2F /* Base */ = {isa = PBXFileReference; lastKnownFileType = file.storyboard; name = Base; path = Base.lproj/LaunchScreen.storyboard; sourceTree = "<group>"; };
		B79113901DD7AB1C002DFA2F /* Info.plist */ = {isa = PBXFileReference; lastKnownFileType = text.plist.xml; path = Info.plist; sourceTree = "<group>"; };
		B79113951DD7AB1C002DFA2F /* tradeitTests.xctest */ = {isa = PBXFileReference; explicitFileType = wrapper.cfbundle; includeInIndex = 0; path = tradeitTests.xctest; sourceTree = BUILT_PRODUCTS_DIR; };
		B79113991DD7AB1C002DFA2F /* tradeitTests.swift */ = {isa = PBXFileReference; lastKnownFileType = sourcecode.swift; path = tradeitTests.swift; sourceTree = "<group>"; };
		B791139B1DD7AB1C002DFA2F /* Info.plist */ = {isa = PBXFileReference; lastKnownFileType = text.plist.xml; path = Info.plist; sourceTree = "<group>"; };
		B7AE20EA1E13674A0099F7C7 /* HooksReceivedTableViewController.swift */ = {isa = PBXFileReference; fileEncoding = 4; lastKnownFileType = sourcecode.swift; path = HooksReceivedTableViewController.swift; sourceTree = "<group>"; };
		B7AE20ED1E136AE70099F7C7 /* HookReceivedTableViewCell.swift */ = {isa = PBXFileReference; fileEncoding = 4; lastKnownFileType = sourcecode.swift; path = HookReceivedTableViewCell.swift; sourceTree = "<group>"; };
		CF072D78F180C6FF486E671A /* Pods_tradeitTests.framework */ = {isa = PBXFileReference; explicitFileType = wrapper.framework; includeInIndex = 0; path = Pods_tradeitTests.framework; sourceTree = BUILT_PRODUCTS_DIR; };
/* End PBXFileReference section */

/* Begin PBXFrameworksBuildPhase section */
		B791137C1DD7AB1C002DFA2F /* Frameworks */ = {
			isa = PBXFrameworksBuildPhase;
			buildActionMask = 2147483647;
			files = (
				86C6DA136ECD78A491A397FD /* Pods_tradeit.framework in Frameworks */,
			);
			runOnlyForDeploymentPostprocessing = 0;
		};
		B79113921DD7AB1C002DFA2F /* Frameworks */ = {
			isa = PBXFrameworksBuildPhase;
			buildActionMask = 2147483647;
			files = (
				4D181894E7186D633FFE4E1D /* Pods_tradeitTests.framework in Frameworks */,
			);
			runOnlyForDeploymentPostprocessing = 0;
		};
/* End PBXFrameworksBuildPhase section */

/* Begin PBXGroup section */
		89291C756980496F1E1DC393 /* Pods */ = {
			isa = PBXGroup;
			children = (
				9BBCFB09A854C040C4FF5ECE /* Pods-tradeit.debug.xcconfig */,
				285356AC692908328EDB9EAD /* Pods-tradeit.release.xcconfig */,
				ABD5F7E24ADB950610FDF054 /* Pods-tradeitTests.debug.xcconfig */,
				9095A0095679E3A26F5D03D5 /* Pods-tradeitTests.release.xcconfig */,
			);
			name = Pods;
			sourceTree = "<group>";
		};
		A6ED2B14DC4F1C5F8449B294 /* Frameworks */ = {
			isa = PBXGroup;
			children = (
				4AFB99383F6B51C1F1323E5E /* Pods_tradeit.framework */,
				CF072D78F180C6FF486E671A /* Pods_tradeitTests.framework */,
			);
			name = Frameworks;
			sourceTree = "<group>";
		};
		B75467001DF360A900ABB7EB /* View */ = {
			isa = PBXGroup;
			children = (
				B7AE20ED1E136AE70099F7C7 /* HookReceivedTableViewCell.swift */,
				B75467011DF360DE00ABB7EB /* ItemCollectionViewCell.swift */,
			);
			name = View;
			sourceTree = "<group>";
		};
		B79113761DD7AB1C002DFA2F = {
			isa = PBXGroup;
			children = (
				B79113811DD7AB1C002DFA2F /* tradeit */,
				B79113981DD7AB1C002DFA2F /* tradeitTests */,
				B79113801DD7AB1C002DFA2F /* Products */,
				89291C756980496F1E1DC393 /* Pods */,
				A6ED2B14DC4F1C5F8449B294 /* Frameworks */,
			);
			sourceTree = "<group>";
		};
		B79113801DD7AB1C002DFA2F /* Products */ = {
			isa = PBXGroup;
			children = (
				B791137F1DD7AB1C002DFA2F /* tradeit.app */,
				B79113951DD7AB1C002DFA2F /* tradeitTests.xctest */,
			);
			name = Products;
			sourceTree = "<group>";
		};
		B79113811DD7AB1C002DFA2F /* tradeit */ = {
			isa = PBXGroup;
			children = (
				B75467001DF360A900ABB7EB /* View */,
				B7F7DAC51DE5261B001319C3 /* Controller */,
				B7F7DAC41DE525C6001319C3 /* Model */,
				B79113821DD7AB1C002DFA2F /* AppDelegate.swift */,
				B79113881DD7AB1C002DFA2F /* Main.storyboard */,
				B791138B1DD7AB1C002DFA2F /* Assets.xcassets */,
				B791138D1DD7AB1C002DFA2F /* LaunchScreen.storyboard */,
				B79113901DD7AB1C002DFA2F /* Info.plist */,
				B7352ED61DD7B595007FF712 /* GoogleService-Info.plist */,
			);
			path = tradeit;
			sourceTree = "<group>";
		};
		B79113981DD7AB1C002DFA2F /* tradeitTests */ = {
			isa = PBXGroup;
			children = (
				B79113991DD7AB1C002DFA2F /* tradeitTests.swift */,
				B791139B1DD7AB1C002DFA2F /* Info.plist */,
			);
			path = tradeitTests;
			sourceTree = "<group>";
		};
		B7F7DAC41DE525C6001319C3 /* Model */ = {
			isa = PBXGroup;
			children = (
				B789D4211DD7D939001AD480 /* Item.swift */,
				B7392BDA1DFA0C4D00CB33B1 /* ItemsArray.swift */,
			);
			name = Model;
			sourceTree = "<group>";
		};
		B7F7DAC51DE5261B001319C3 /* Controller */ = {
			isa = PBXGroup;
			children = (
				B7AE20EA1E13674A0099F7C7 /* HooksReceivedTableViewController.swift */,
				B79113841DD7AB1C002DFA2F /* BrowseCategoriesViewController.swift */,
				B75466FD1DF3556500ABB7EB /* ItemsCollectionViewController.swift */,
				B79113861DD7AB1C002DFA2F /* PostItemViewController.swift */,
				B72DE4F71E074832004BD84F /* ProfileViewController.swift */,
				B7392BE01DFCAFB500CB33B1 /* ItemDisplayViewController.swift */,
				B77E93CE1E12C371004EEFF4 /* ProfileItemDisplayViewController.swift */,
				B77AE1B11E09FA4100C28DB6 /* AuthUsingViewController.swift */,
			);
			name = Controller;
			sourceTree = "<group>";
		};
/* End PBXGroup section */

/* Begin PBXNativeTarget section */
		B791137E1DD7AB1C002DFA2F /* tradeit */ = {
			isa = PBXNativeTarget;
			buildConfigurationList = B791139E1DD7AB1C002DFA2F /* Build configuration list for PBXNativeTarget "tradeit" */;
			buildPhases = (
				63290098086E0D9EF9E97AE1 /* [CP] Check Pods Manifest.lock */,
				B791137B1DD7AB1C002DFA2F /* Sources */,
				B791137C1DD7AB1C002DFA2F /* Frameworks */,
				B791137D1DD7AB1C002DFA2F /* Resources */,
				3E6163EDB6AE92855C769CCF /* [CP] Embed Pods Frameworks */,
				7C5A247E2AACFD64AC0B01C1 /* [CP] Copy Pods Resources */,
			);
			buildRules = (
			);
			dependencies = (
			);
			name = tradeit;
			productName = tradeit;
			productReference = B791137F1DD7AB1C002DFA2F /* tradeit.app */;
			productType = "com.apple.product-type.application";
		};
		B79113941DD7AB1C002DFA2F /* tradeitTests */ = {
			isa = PBXNativeTarget;
			buildConfigurationList = B79113A11DD7AB1C002DFA2F /* Build configuration list for PBXNativeTarget "tradeitTests" */;
			buildPhases = (
				97CAAAEE5776114BE8EEB9EA /* [CP] Check Pods Manifest.lock */,
				B79113911DD7AB1C002DFA2F /* Sources */,
				B79113921DD7AB1C002DFA2F /* Frameworks */,
				B79113931DD7AB1C002DFA2F /* Resources */,
				83BF5BB1A6D8840CFFCADB9B /* [CP] Embed Pods Frameworks */,
				0343F6272A77C6FF7403DFCC /* [CP] Copy Pods Resources */,
			);
			buildRules = (
			);
			dependencies = (
				B79113971DD7AB1C002DFA2F /* PBXTargetDependency */,
			);
			name = tradeitTests;
			productName = tradeitTests;
			productReference = B79113951DD7AB1C002DFA2F /* tradeitTests.xctest */;
			productType = "com.apple.product-type.bundle.unit-test";
		};
/* End PBXNativeTarget section */

/* Begin PBXProject section */
		B79113771DD7AB1C002DFA2F /* Project object */ = {
			isa = PBXProject;
			attributes = {
				LastSwiftUpdateCheck = 0720;
				LastUpgradeCheck = 0720;
				ORGANIZATIONNAME = "Joffrey Armellini";
				TargetAttributes = {
					B791137E1DD7AB1C002DFA2F = {
						CreatedOnToolsVersion = 7.2;
						LastSwiftMigration = 0810;
					};
					B79113941DD7AB1C002DFA2F = {
						CreatedOnToolsVersion = 7.2;
						LastSwiftMigration = 0810;
						TestTargetID = B791137E1DD7AB1C002DFA2F;
					};
				};
			};
			buildConfigurationList = B791137A1DD7AB1C002DFA2F /* Build configuration list for PBXProject "tradeit" */;
			compatibilityVersion = "Xcode 3.2";
			developmentRegion = English;
			hasScannedForEncodings = 0;
			knownRegions = (
				en,
				Base,
			);
			mainGroup = B79113761DD7AB1C002DFA2F;
			productRefGroup = B79113801DD7AB1C002DFA2F /* Products */;
			projectDirPath = "";
			projectRoot = "";
			targets = (
				B791137E1DD7AB1C002DFA2F /* tradeit */,
				B79113941DD7AB1C002DFA2F /* tradeitTests */,
			);
		};
/* End PBXProject section */

/* Begin PBXResourcesBuildPhase section */
		B791137D1DD7AB1C002DFA2F /* Resources */ = {
			isa = PBXResourcesBuildPhase;
			buildActionMask = 2147483647;
			files = (
				B791138F1DD7AB1C002DFA2F /* LaunchScreen.storyboard in Resources */,
				B7352ED71DD7B595007FF712 /* GoogleService-Info.plist in Resources */,
				B791138C1DD7AB1C002DFA2F /* Assets.xcassets in Resources */,
				B791138A1DD7AB1C002DFA2F /* Main.storyboard in Resources */,
			);
			runOnlyForDeploymentPostprocessing = 0;
		};
		B79113931DD7AB1C002DFA2F /* Resources */ = {
			isa = PBXResourcesBuildPhase;
			buildActionMask = 2147483647;
			files = (
				B7352ED81DD7B595007FF712 /* GoogleService-Info.plist in Resources */,
			);
			runOnlyForDeploymentPostprocessing = 0;
		};
/* End PBXResourcesBuildPhase section */

/* Begin PBXShellScriptBuildPhase section */
		0343F6272A77C6FF7403DFCC /* [CP] Copy Pods Resources */ = {
			isa = PBXShellScriptBuildPhase;
			buildActionMask = 2147483647;
			files = (
			);
			inputPaths = (
			);
			name = "[CP] Copy Pods Resources";
			outputPaths = (
			);
			runOnlyForDeploymentPostprocessing = 0;
			shellPath = /bin/sh;
			shellScript = "\"${SRCROOT}/Pods/Target Support Files/Pods-tradeitTests/Pods-tradeitTests-resources.sh\"\n";
			showEnvVarsInLog = 0;
		};
		3E6163EDB6AE92855C769CCF /* [CP] Embed Pods Frameworks */ = {
			isa = PBXShellScriptBuildPhase;
			buildActionMask = 2147483647;
			files = (
			);
			inputPaths = (
			);
			name = "[CP] Embed Pods Frameworks";
			outputPaths = (
			);
			runOnlyForDeploymentPostprocessing = 0;
			shellPath = /bin/sh;
			shellScript = "\"${SRCROOT}/Pods/Target Support Files/Pods-tradeit/Pods-tradeit-frameworks.sh\"\n";
			showEnvVarsInLog = 0;
		};
		63290098086E0D9EF9E97AE1 /* [CP] Check Pods Manifest.lock */ = {
			isa = PBXShellScriptBuildPhase;
			buildActionMask = 2147483647;
			files = (
			);
			inputPaths = (
			);
			name = "[CP] Check Pods Manifest.lock";
			outputPaths = (
			);
			runOnlyForDeploymentPostprocessing = 0;
			shellPath = /bin/sh;
			shellScript = "diff \"${PODS_ROOT}/../Podfile.lock\" \"${PODS_ROOT}/Manifest.lock\" > /dev/null\nif [ $? != 0 ] ; then\n    # print error to STDERR\n    echo \"error: The sandbox is not in sync with the Podfile.lock. Run 'pod install' or update your CocoaPods installation.\" >&2\n    exit 1\nfi\n";
			showEnvVarsInLog = 0;
		};
		7C5A247E2AACFD64AC0B01C1 /* [CP] Copy Pods Resources */ = {
			isa = PBXShellScriptBuildPhase;
			buildActionMask = 2147483647;
			files = (
			);
			inputPaths = (
			);
			name = "[CP] Copy Pods Resources";
			outputPaths = (
			);
			runOnlyForDeploymentPostprocessing = 0;
			shellPath = /bin/sh;
			shellScript = "\"${SRCROOT}/Pods/Target Support Files/Pods-tradeit/Pods-tradeit-resources.sh\"\n";
			showEnvVarsInLog = 0;
		};
		83BF5BB1A6D8840CFFCADB9B /* [CP] Embed Pods Frameworks */ = {
			isa = PBXShellScriptBuildPhase;
			buildActionMask = 2147483647;
			files = (
			);
			inputPaths = (
			);
			name = "[CP] Embed Pods Frameworks";
			outputPaths = (
			);
			runOnlyForDeploymentPostprocessing = 0;
			shellPath = /bin/sh;
			shellScript = "\"${SRCROOT}/Pods/Target Support Files/Pods-tradeitTests/Pods-tradeitTests-frameworks.sh\"\n";
			showEnvVarsInLog = 0;
		};
		97CAAAEE5776114BE8EEB9EA /* [CP] Check Pods Manifest.lock */ = {
			isa = PBXShellScriptBuildPhase;
			buildActionMask = 2147483647;
			files = (
			);
			inputPaths = (
			);
			name = "[CP] Check Pods Manifest.lock";
			outputPaths = (
			);
			runOnlyForDeploymentPostprocessing = 0;
			shellPath = /bin/sh;
			shellScript = "diff \"${PODS_ROOT}/../Podfile.lock\" \"${PODS_ROOT}/Manifest.lock\" > /dev/null\nif [ $? != 0 ] ; then\n    # print error to STDERR\n    echo \"error: The sandbox is not in sync with the Podfile.lock. Run 'pod install' or update your CocoaPods installation.\" >&2\n    exit 1\nfi\n";
			showEnvVarsInLog = 0;
		};
/* End PBXShellScriptBuildPhase section */

/* Begin PBXSourcesBuildPhase section */
		B791137B1DD7AB1C002DFA2F /* Sources */ = {
			isa = PBXSourcesBuildPhase;
			buildActionMask = 2147483647;
			files = (
				B789D4221DD7D939001AD480 /* Item.swift in Sources */,
				B79113871DD7AB1C002DFA2F /* PostItemViewController.swift in Sources */,
				B79113831DD7AB1C002DFA2F /* AppDelegate.swift in Sources */,
				B7AE20EB1E13674A0099F7C7 /* HooksReceivedTableViewController.swift in Sources */,
				B7AE20EE1E136AE70099F7C7 /* HookReceivedTableViewCell.swift in Sources */,
				B75467021DF360DE00ABB7EB /* ItemCollectionViewCell.swift in Sources */,
				B79113851DD7AB1C002DFA2F /* BrowseCategoriesViewController.swift in Sources */,
				B7392BDB1DFA0C4D00CB33B1 /* ItemsArray.swift in Sources */,
				B77E93CF1E12C371004EEFF4 /* ProfileItemDisplayViewController.swift in Sources */,
				B72DE4F81E074832004BD84F /* ProfileViewController.swift in Sources */,
				B7392BE11DFCAFB500CB33B1 /* ItemDisplayViewController.swift in Sources */,
				B77AE1B21E09FA4100C28DB6 /* AuthUsingViewController.swift in Sources */,
				B75466FE1DF3556500ABB7EB /* ItemsCollectionViewController.swift in Sources */,
			);
			runOnlyForDeploymentPostprocessing = 0;
		};
		B79113911DD7AB1C002DFA2F /* Sources */ = {
			isa = PBXSourcesBuildPhase;
			buildActionMask = 2147483647;
			files = (
				B789D4231DD7D939001AD480 /* Item.swift in Sources */,
				B7AE20EC1E13674A0099F7C7 /* HooksReceivedTableViewController.swift in Sources */,
				B75467031DF360DE00ABB7EB /* ItemCollectionViewCell.swift in Sources */,
				B77AE1B31E09FA4100C28DB6 /* AuthUsingViewController.swift in Sources */,
				B75466FF1DF3556500ABB7EB /* ItemsCollectionViewController.swift in Sources */,
				B791139A1DD7AB1C002DFA2F /* tradeitTests.swift in Sources */,
				B72DE4F91E074832004BD84F /* ProfileViewController.swift in Sources */,
				B7AE20EF1E136AE70099F7C7 /* HookReceivedTableViewCell.swift in Sources */,
				B7392BE21DFCAFB500CB33B1 /* ItemDisplayViewController.swift in Sources */,
				B7392BDC1DFA0C4D00CB33B1 /* ItemsArray.swift in Sources */,
				B77E93D01E12C371004EEFF4 /* ProfileItemDisplayViewController.swift in Sources */,
			);
			runOnlyForDeploymentPostprocessing = 0;
		};
/* End PBXSourcesBuildPhase section */

/* Begin PBXTargetDependency section */
		B79113971DD7AB1C002DFA2F /* PBXTargetDependency */ = {
			isa = PBXTargetDependency;
			target = B791137E1DD7AB1C002DFA2F /* tradeit */;
			targetProxy = B79113961DD7AB1C002DFA2F /* PBXContainerItemProxy */;
		};
/* End PBXTargetDependency section */

/* Begin PBXVariantGroup section */
		B79113881DD7AB1C002DFA2F /* Main.storyboard */ = {
			isa = PBXVariantGroup;
			children = (
				B79113891DD7AB1C002DFA2F /* Base */,
			);
			name = Main.storyboard;
			sourceTree = "<group>";
		};
		B791138D1DD7AB1C002DFA2F /* LaunchScreen.storyboard */ = {
			isa = PBXVariantGroup;
			children = (
				B791138E1DD7AB1C002DFA2F /* Base */,
			);
			name = LaunchScreen.storyboard;
			sourceTree = "<group>";
		};
/* End PBXVariantGroup section */

/* Begin XCBuildConfiguration section */
		B791139C1DD7AB1C002DFA2F /* Debug */ = {
			isa = XCBuildConfiguration;
			buildSettings = {
				ALWAYS_SEARCH_USER_PATHS = NO;
				CLANG_CXX_LANGUAGE_STANDARD = "gnu++0x";
				CLANG_CXX_LIBRARY = "libc++";
				CLANG_ENABLE_MODULES = YES;
				CLANG_ENABLE_OBJC_ARC = YES;
				CLANG_WARN_BOOL_CONVERSION = YES;
				CLANG_WARN_CONSTANT_CONVERSION = YES;
				CLANG_WARN_DIRECT_OBJC_ISA_USAGE = YES_ERROR;
				CLANG_WARN_EMPTY_BODY = YES;
				CLANG_WARN_ENUM_CONVERSION = YES;
				CLANG_WARN_INT_CONVERSION = YES;
				CLANG_WARN_OBJC_ROOT_CLASS = YES_ERROR;
				CLANG_WARN_UNREACHABLE_CODE = YES;
				CLANG_WARN__DUPLICATE_METHOD_MATCH = YES;
				"CODE_SIGN_IDENTITY[sdk=iphoneos*]" = "iPhone Developer";
				COPY_PHASE_STRIP = NO;
				DEBUG_INFORMATION_FORMAT = dwarf;
				ENABLE_STRICT_OBJC_MSGSEND = YES;
				ENABLE_TESTABILITY = YES;
				GCC_C_LANGUAGE_STANDARD = gnu99;
				GCC_DYNAMIC_NO_PIC = NO;
				GCC_NO_COMMON_BLOCKS = YES;
				GCC_OPTIMIZATION_LEVEL = 0;
				GCC_PREPROCESSOR_DEFINITIONS = (
					"DEBUG=1",
					"$(inherited)",
				);
				GCC_WARN_64_TO_32_BIT_CONVERSION = YES;
				GCC_WARN_ABOUT_RETURN_TYPE = YES_ERROR;
				GCC_WARN_UNDECLARED_SELECTOR = YES;
				GCC_WARN_UNINITIALIZED_AUTOS = YES_AGGRESSIVE;
				GCC_WARN_UNUSED_FUNCTION = YES;
				GCC_WARN_UNUSED_VARIABLE = YES;
				IPHONEOS_DEPLOYMENT_TARGET = 9.2;
				MTL_ENABLE_DEBUG_INFO = YES;
				ONLY_ACTIVE_ARCH = YES;
				SDKROOT = iphoneos;
				SWIFT_OPTIMIZATION_LEVEL = "-Onone";
			};
			name = Debug;
		};
		B791139D1DD7AB1C002DFA2F /* Release */ = {
			isa = XCBuildConfiguration;
			buildSettings = {
				ALWAYS_SEARCH_USER_PATHS = NO;
				CLANG_CXX_LANGUAGE_STANDARD = "gnu++0x";
				CLANG_CXX_LIBRARY = "libc++";
				CLANG_ENABLE_MODULES = YES;
				CLANG_ENABLE_OBJC_ARC = YES;
				CLANG_WARN_BOOL_CONVERSION = YES;
				CLANG_WARN_CONSTANT_CONVERSION = YES;
				CLANG_WARN_DIRECT_OBJC_ISA_USAGE = YES_ERROR;
				CLANG_WARN_EMPTY_BODY = YES;
				CLANG_WARN_ENUM_CONVERSION = YES;
				CLANG_WARN_INT_CONVERSION = YES;
				CLANG_WARN_OBJC_ROOT_CLASS = YES_ERROR;
				CLANG_WARN_UNREACHABLE_CODE = YES;
				CLANG_WARN__DUPLICATE_METHOD_MATCH = YES;
				"CODE_SIGN_IDENTITY[sdk=iphoneos*]" = "iPhone Developer";
				COPY_PHASE_STRIP = NO;
				DEBUG_INFORMATION_FORMAT = "dwarf-with-dsym";
				ENABLE_NS_ASSERTIONS = NO;
				ENABLE_STRICT_OBJC_MSGSEND = YES;
				GCC_C_LANGUAGE_STANDARD = gnu99;
				GCC_NO_COMMON_BLOCKS = YES;
				GCC_WARN_64_TO_32_BIT_CONVERSION = YES;
				GCC_WARN_ABOUT_RETURN_TYPE = YES_ERROR;
				GCC_WARN_UNDECLARED_SELECTOR = YES;
				GCC_WARN_UNINITIALIZED_AUTOS = YES_AGGRESSIVE;
				GCC_WARN_UNUSED_FUNCTION = YES;
				GCC_WARN_UNUSED_VARIABLE = YES;
				IPHONEOS_DEPLOYMENT_TARGET = 9.2;
				MTL_ENABLE_DEBUG_INFO = NO;
				SDKROOT = iphoneos;
				VALIDATE_PRODUCT = YES;
			};
			name = Release;
		};
		B791139F1DD7AB1C002DFA2F /* Debug */ = {
			isa = XCBuildConfiguration;
			baseConfigurationReference = 9BBCFB09A854C040C4FF5ECE /* Pods-tradeit.debug.xcconfig */;
			buildSettings = {
				ASSETCATALOG_COMPILER_APPICON_NAME = AppIcon;
				INFOPLIST_FILE = tradeit/Info.plist;
				LD_RUNPATH_SEARCH_PATHS = "$(inherited) @executable_path/Frameworks";
				PRODUCT_BUNDLE_IDENTIFIER = com.mtlberri.tradeit;
				PRODUCT_NAME = "$(TARGET_NAME)";
				SWIFT_VERSION = 3.0;
			};
			name = Debug;
		};
		B79113A01DD7AB1C002DFA2F /* Release */ = {
			isa = XCBuildConfiguration;
			baseConfigurationReference = 285356AC692908328EDB9EAD /* Pods-tradeit.release.xcconfig */;
			buildSettings = {
				ASSETCATALOG_COMPILER_APPICON_NAME = AppIcon;
				INFOPLIST_FILE = tradeit/Info.plist;
				LD_RUNPATH_SEARCH_PATHS = "$(inherited) @executable_path/Frameworks";
				PRODUCT_BUNDLE_IDENTIFIER = com.mtlberri.tradeit;
				PRODUCT_NAME = "$(TARGET_NAME)";
				SWIFT_VERSION = 3.0;
			};
			name = Release;
		};
		B79113A21DD7AB1C002DFA2F /* Debug */ = {
			isa = XCBuildConfiguration;
			baseConfigurationReference = ABD5F7E24ADB950610FDF054 /* Pods-tradeitTests.debug.xcconfig */;
			buildSettings = {
				BUNDLE_LOADER = "$(TEST_HOST)";
				INFOPLIST_FILE = tradeitTests/Info.plist;
				LD_RUNPATH_SEARCH_PATHS = "$(inherited) @executable_path/Frameworks @loader_path/Frameworks";
				PRODUCT_BUNDLE_IDENTIFIER = com.mtlberri.tradeitTests;
				PRODUCT_NAME = "$(TARGET_NAME)";
				SWIFT_VERSION = 3.0;
				TEST_HOST = "$(BUILT_PRODUCTS_DIR)/tradeit.app/tradeit";
			};
			name = Debug;
		};
		B79113A31DD7AB1C002DFA2F /* Release */ = {
			isa = XCBuildConfiguration;
			baseConfigurationReference = 9095A0095679E3A26F5D03D5 /* Pods-tradeitTests.release.xcconfig */;
			buildSettings = {
				BUNDLE_LOADER = "$(TEST_HOST)";
				INFOPLIST_FILE = tradeitTests/Info.plist;
				LD_RUNPATH_SEARCH_PATHS = "$(inherited) @executable_path/Frameworks @loader_path/Frameworks";
				PRODUCT_BUNDLE_IDENTIFIER = com.mtlberri.tradeitTests;
				PRODUCT_NAME = "$(TARGET_NAME)";
				SWIFT_VERSION = 3.0;
				TEST_HOST = "$(BUILT_PRODUCTS_DIR)/tradeit.app/tradeit";
			};
			name = Release;
		};
/* End XCBuildConfiguration section */

/* Begin XCConfigurationList section */
		B791137A1DD7AB1C002DFA2F /* Build configuration list for PBXProject "tradeit" */ = {
			isa = XCConfigurationList;
			buildConfigurations = (
				B791139C1DD7AB1C002DFA2F /* Debug */,
				B791139D1DD7AB1C002DFA2F /* Release */,
			);
			defaultConfigurationIsVisible = 0;
			defaultConfigurationName = Release;
		};
		B791139E1DD7AB1C002DFA2F /* Build configuration list for PBXNativeTarget "tradeit" */ = {
			isa = XCConfigurationList;
			buildConfigurations = (
				B791139F1DD7AB1C002DFA2F /* Debug */,
				B79113A01DD7AB1C002DFA2F /* Release */,
			);
			defaultConfigurationIsVisible = 0;
			defaultConfigurationName = Release;
		};
		B79113A11DD7AB1C002DFA2F /* Build configuration list for PBXNativeTarget "tradeitTests" */ = {
			isa = XCConfigurationList;
			buildConfigurations = (
				B79113A21DD7AB1C002DFA2F /* Debug */,
				B79113A31DD7AB1C002DFA2F /* Release */,
			);
			defaultConfigurationIsVisible = 0;
			defaultConfigurationName = Release;
		};
/* End XCConfigurationList section */
	};
	rootObject = B79113771DD7AB1C002DFA2F /* Project object */;
}
